// !$*UTF8*$!
{
	archiveVersion = 1;
	classes = {
	};
	objectVersion = 77;
	objects = {

/* Begin PBXBuildFile section */
		BB0000000000000000000022 /* UpNextWidgetExtension.appex in Embed Foundation Extensions */ = {isa = PBXBuildFile; fileRef = BB0000000000000000000021 /* UpNextWidgetExtension.appex */; settings = {ATTRIBUTES = (RemoveHeadersOnCopy, ); }; };
		BB0000000000000000000028 /* WidgetKit.framework in Frameworks */ = {isa = PBXBuildFile; fileRef = BB0000000000000000000025 /* WidgetKit.framework */; };
		BB0000000000000000000029 /* SwiftUI.framework in Frameworks */ = {isa = PBXBuildFile; fileRef = BB0000000000000000000026 /* SwiftUI.framework */; };
		CC0000000000000000000008 /* FirebaseAuth in Frameworks */ = {isa = PBXBuildFile; productRef = CC0000000000000000000003 /* FirebaseAuth */; };
		CC0000000000000000000009 /* FirebaseFirestore in Frameworks */ = {isa = PBXBuildFile; productRef = CC0000000000000000000004 /* FirebaseFirestore */; };
		CC000000000000000000000A /* FirebaseMessaging in Frameworks */ = {isa = PBXBuildFile; productRef = CC0000000000000000000005 /* FirebaseMessaging */; };
		CC000000000000000000000B /* GoogleSignIn in Frameworks */ = {isa = PBXBuildFile; productRef = CC0000000000000000000006 /* GoogleSignIn */; };
		CC000000000000000000000C /* GoogleSignInSwift in Frameworks */ = {isa = PBXBuildFile; productRef = CC0000000000000000000007 /* GoogleSignInSwift */; };
		DD0000000000000000000002 /* AppConfig.swift in Sources */ = {isa = PBXBuildFile; fileRef = DD0000000000000000000001 /* AppConfig.swift */; };
		DD0000000000000000000003 /* AppConfig.swift in Sources */ = {isa = PBXBuildFile; fileRef = DD0000000000000000000001 /* AppConfig.swift */; };
		DD0000000000000000000006 /* Color+Tokens.swift in Sources */ = {isa = PBXBuildFile; fileRef = DD0000000000000000000005 /* Color+Tokens.swift */; };
		DD0000000000000000000007 /* Color+Tokens.swift in Sources */ = {isa = PBXBuildFile; fileRef = DD0000000000000000000005 /* Color+Tokens.swift */; };
		DD0000000000000000000009 /* Typography.swift in Sources */ = {isa = PBXBuildFile; fileRef = DD0000000000000000000008 /* Typography.swift */; };
		DD000000000000000000000A /* Typography.swift in Sources */ = {isa = PBXBuildFile; fileRef = DD0000000000000000000008 /* Typography.swift */; };
		DD000000000000000000000C /* ChallengeActivityAttributes.swift in Sources */ = {isa = PBXBuildFile; fileRef = DD000000000000000000000B /* ChallengeActivityAttributes.swift */; };
		DD000000000000000000000D /* ChallengeActivityAttributes.swift in Sources */ = {isa = PBXBuildFile; fileRef = DD000000000000000000000B /* ChallengeActivityAttributes.swift */; };
/* End PBXBuildFile section */

/* Begin PBXContainerItemProxy section */
		BB000000000000000000001F /* PBXContainerItemProxy */ = {
			isa = PBXContainerItemProxy;
			containerPortal = E6B6A08D2FB6DEB800E7EA09 /* Project object */;
			proxyType = 1;
			remoteGlobalIDString = BB000000000000000000001A;
			remoteInfo = UpNextWidgetExtension;
		};
/* End PBXContainerItemProxy section */

/* Begin PBXCopyFilesBuildPhase section */
		BB000000000000000000001E /* Embed Foundation Extensions */ = {
			isa = PBXCopyFilesBuildPhase;
			buildActionMask = 2147483647;
			dstPath = "";
			dstSubfolderSpec = 13;
			files = (
				BB0000000000000000000022 /* UpNextWidgetExtension.appex in Embed Foundation Extensions */,
			);
			name = "Embed Foundation Extensions";
			runOnlyForDeploymentPostprocessing = 0;
		};
/* End PBXCopyFilesBuildPhase section */

/* Begin PBXFileReference section */
		BB0000000000000000000021 /* UpNextWidgetExtension.appex */ = {isa = PBXFileReference; explicitFileType = "wrapper.app-extension"; includeInIndex = 0; path = UpNextWidgetExtension.appex; sourceTree = BUILT_PRODUCTS_DIR; };
		BB0000000000000000000025 /* WidgetKit.framework */ = {isa = PBXFileReference; lastKnownFileType = wrapper.framework; name = WidgetKit.framework; path = System/Library/Frameworks/WidgetKit.framework; sourceTree = SDKROOT; };
		BB0000000000000000000026 /* SwiftUI.framework */ = {isa = PBXFileReference; lastKnownFileType = wrapper.framework; name = SwiftUI.framework; path = System/Library/Frameworks/SwiftUI.framework; sourceTree = SDKROOT; };
		DD0000000000000000000001 /* AppConfig.swift */ = {isa = PBXFileReference; lastKnownFileType = sourcecode.swift; path = AppConfig.swift; sourceTree = "<group>"; };
		DD0000000000000000000005 /* Color+Tokens.swift */ = {isa = PBXFileReference; lastKnownFileType = sourcecode.swift; path = "Color+Tokens.swift"; sourceTree = "<group>"; };
		DD0000000000000000000008 /* Typography.swift */ = {isa = PBXFileReference; lastKnownFileType = sourcecode.swift; path = Typography.swift; sourceTree = "<group>"; };
		DD000000000000000000000B /* ChallengeActivityAttributes.swift */ = {isa = PBXFileReference; lastKnownFileType = sourcecode.swift; path = ChallengeActivityAttributes.swift; sourceTree = "<group>"; };
		E6B6A0952FB6DEB800E7EA09 /* UpNext.app */ = {isa = PBXFileReference; explicitFileType = wrapper.application; includeInIndex = 0; path = UpNext.app; sourceTree = BUILT_PRODUCTS_DIR; };
/* End PBXFileReference section */

/* Begin PBXFileSystemSynchronizedBuildFileExceptionSet section */
		BB0000000000000000000024 /* Exceptions for "UpNextWidget" folder in "UpNextWidgetExtension" target */ = {
			isa = PBXFileSystemSynchronizedBuildFileExceptionSet;
			membershipExceptions = (
				Info.plist,
			);
			target = BB000000000000000000001A /* UpNextWidgetExtension */;
		};
/* End PBXFileSystemSynchronizedBuildFileExceptionSet section */

/* Begin PBXFileSystemSynchronizedRootGroup section */
		BB0000000000000000000023 /* UpNextWidget */ = {
			isa = PBXFileSystemSynchronizedRootGroup;
			exceptions = (
				BB0000000000000000000024 /* Exceptions for "UpNextWidget" folder in "UpNextWidgetExtension" target */,
			);
			path = UpNextWidget;
			sourceTree = "<group>";
		};
		E6B6A0972FB6DEB800E7EA09 /* UpNext */ = {
			isa = PBXFileSystemSynchronizedRootGroup;
			path = UpNext;
			sourceTree = "<group>";
		};
/* End PBXFileSystemSynchronizedRootGroup section */

/* Begin PBXFrameworksBuildPhase section */
		BB000000000000000000001C /* Frameworks */ = {
			isa = PBXFrameworksBuildPhase;
			buildActionMask = 2147483647;
			files = (
				BB0000000000000000000029 /* SwiftUI.framework in Frameworks */,
				BB0000000000000000000028 /* WidgetKit.framework in Frameworks */,
			);
			runOnlyForDeploymentPostprocessing = 0;
		};
		E6B6A0922FB6DEB800E7EA09 /* Frameworks */ = {
			isa = PBXFrameworksBuildPhase;
			buildActionMask = 2147483647;
			files = (
				CC0000000000000000000008 /* FirebaseAuth in Frameworks */,
				CC0000000000000000000009 /* FirebaseFirestore in Frameworks */,
				CC000000000000000000000A /* FirebaseMessaging in Frameworks */,
				CC000000000000000000000B /* GoogleSignIn in Frameworks */,
				CC000000000000000000000C /* GoogleSignInSwift in Frameworks */,
			);
			runOnlyForDeploymentPostprocessing = 0;
		};
/* End PBXFrameworksBuildPhase section */

/* Begin PBXGroup section */
		BB0000000000000000000027 /* Frameworks */ = {
			isa = PBXGroup;
			children = (
				BB0000000000000000000025 /* WidgetKit.framework */,
				BB0000000000000000000026 /* SwiftUI.framework */,
			);
			name = Frameworks;
			sourceTree = "<group>";
		};
		DD0000000000000000000004 /* Shared */ = {
			isa = PBXGroup;
			children = (
				DD0000000000000000000001 /* AppConfig.swift */,
				DD000000000000000000000B /* ChallengeActivityAttributes.swift */,
				DD0000000000000000000005 /* Color+Tokens.swift */,
				DD0000000000000000000008 /* Typography.swift */,
			);
			path = Shared;
			sourceTree = "<group>";
		};
		E6B6A08C2FB6DEB800E7EA09 = {
			isa = PBXGroup;
			children = (
				E6B6A0972FB6DEB800E7EA09 /* UpNext */,
				BB0000000000000000000023 /* UpNextWidget */,
				DD0000000000000000000004 /* Shared */,
				BB0000000000000000000027 /* Frameworks */,
				E6B6A0962FB6DEB800E7EA09 /* Products */,
			);
			sourceTree = "<group>";
		};
		E6B6A0962FB6DEB800E7EA09 /* Products */ = {
			isa = PBXGroup;
			children = (
				E6B6A0952FB6DEB800E7EA09 /* UpNext.app */,
				BB0000000000000000000021 /* UpNextWidgetExtension.appex */,
			);
			name = Products;
			sourceTree = "<group>";
		};
/* End PBXGroup section */

/* Begin PBXNativeTarget section */
		BB000000000000000000001A /* UpNextWidgetExtension */ = {
			isa = PBXNativeTarget;
			buildConfigurationList = BB000000000000000000002C /* Build configuration list for PBXNativeTarget "UpNextWidgetExtension" */;
			buildPhases = (
				BB000000000000000000001B /* Sources */,
				BB000000000000000000001C /* Frameworks */,
				BB000000000000000000001D /* Resources */,
			);
			buildRules = (
			);
			dependencies = (
			);
			fileSystemSynchronizedGroups = (
				BB0000000000000000000023 /* UpNextWidget */,
			);
			name = UpNextWidgetExtension;
			packageProductDependencies = (
			);
			productName = UpNextWidgetExtension;
			productReference = BB0000000000000000000021 /* UpNextWidgetExtension.appex */;
			productType = "com.apple.product-type.app-extension";
		};
		E6B6A0942FB6DEB800E7EA09 /* UpNext */ = {
			isa = PBXNativeTarget;
			buildConfigurationList = E6B6A0A02FB6DEB900E7EA09 /* Build configuration list for PBXNativeTarget "UpNext" */;
			buildPhases = (
				E6B6A0912FB6DEB800E7EA09 /* Sources */,
				E6B6A0922FB6DEB800E7EA09 /* Frameworks */,
				E6B6A0932FB6DEB800E7EA09 /* Resources */,
				BB000000000000000000001E /* Embed Foundation Extensions */,
			);
			buildRules = (
			);
			dependencies = (
				BB0000000000000000000020 /* PBXTargetDependency */,
			);
			fileSystemSynchronizedGroups = (
				E6B6A0972FB6DEB800E7EA09 /* UpNext */,
			);
			name = UpNext;
			packageProductDependencies = (
				CC0000000000000000000003 /* FirebaseAuth */,
				CC0000000000000000000004 /* FirebaseFirestore */,
				CC0000000000000000000005 /* FirebaseMessaging */,
				CC0000000000000000000006 /* GoogleSignIn */,
				CC0000000000000000000007 /* GoogleSignInSwift */,
			);
			productName = UpNext;
			productReference = E6B6A0952FB6DEB800E7EA09 /* UpNext.app */;
			productType = "com.apple.product-type.application";
		};
/* End PBXNativeTarget section */

/* Begin PBXProject section */
		E6B6A08D2FB6DEB800E7EA09 /* Project object */ = {
			isa = PBXProject;
			attributes = {
				BuildIndependentTargetsInParallel = 1;
				LastSwiftUpdateCheck = 2640;
				LastUpgradeCheck = 2640;
				TargetAttributes = {
					BB000000000000000000001A = {
						CreatedOnToolsVersion = 26.4;
					};
					E6B6A0942FB6DEB800E7EA09 = {
						CreatedOnToolsVersion = 26.4;
					};
				};
			};
			buildConfigurationList = E6B6A0902FB6DEB800E7EA09 /* Build configuration list for PBXProject "UpNext" */;
			developmentRegion = ko;
			hasScannedForEncodings = 0;
			knownRegions = (
				ko,
				en,
				ja,
				"zh-Hans",
				Base,
			);
			mainGroup = E6B6A08C2FB6DEB800E7EA09;
			minimizedProjectReferenceProxies = 1;
			packageReferences = (
				CC0000000000000000000001 /* XCRemoteSwiftPackageReference "firebase-ios-sdk" */,
				CC0000000000000000000002 /* XCRemoteSwiftPackageReference "GoogleSignIn-iOS" */,
			);
			preferredProjectObjectVersion = 77;
			productRefGroup = E6B6A0962FB6DEB800E7EA09 /* Products */;
			projectDirPath = "";
			projectRoot = "";
			targets = (
				E6B6A0942FB6DEB800E7EA09 /* UpNext */,
				BB000000000000000000001A /* UpNextWidgetExtension */,
			);
		};
/* End PBXProject section */

/* Begin PBXResourcesBuildPhase section */
		BB000000000000000000001D /* Resources */ = {
			isa = PBXResourcesBuildPhase;
			buildActionMask = 2147483647;
			files = (
			);
			runOnlyForDeploymentPostprocessing = 0;
		};
		E6B6A0932FB6DEB800E7EA09 /* Resources */ = {
			isa = PBXResourcesBuildPhase;
			buildActionMask = 2147483647;
			files = (
			);
			runOnlyForDeploymentPostprocessing = 0;
		};
/* End PBXResourcesBuildPhase section */

/* Begin PBXSourcesBuildPhase section */
		BB000000000000000000001B /* Sources */ = {
			isa = PBXSourcesBuildPhase;
			buildActionMask = 2147483647;
			files = (
				DD0000000000000000000003 /* AppConfig.swift in Sources */,
				DD000000000000000000000D /* ChallengeActivityAttributes.swift in Sources */,
				DD0000000000000000000007 /* Color+Tokens.swift in Sources */,
				DD000000000000000000000A /* Typography.swift in Sources */,
			);
			runOnlyForDeploymentPostprocessing = 0;
		};
		E6B6A0912FB6DEB800E7EA09 /* Sources */ = {
			isa = PBXSourcesBuildPhase;
			buildActionMask = 2147483647;
			files = (
				DD0000000000000000000002 /* AppConfig.swift in Sources */,
				DD000000000000000000000C /* ChallengeActivityAttributes.swift in Sources */,
				DD0000000000000000000006 /* Color+Tokens.swift in Sources */,
				DD0000000000000000000009 /* Typography.swift in Sources */,
			);
			runOnlyForDeploymentPostprocessing = 0;
		};
/* End PBXSourcesBuildPhase section */

/* Begin PBXTargetDependency section */
		BB0000000000000000000020 /* PBXTargetDependency */ = {
			isa = PBXTargetDependency;
			target = BB000000000000000000001A /* UpNextWidgetExtension */;
			targetProxy = BB000000000000000000001F /* PBXContainerItemProxy */;
		};
/* End PBXTargetDependency section */

/* Begin XCBuildConfiguration section */
		BB000000000000000000002A /* Debug */ = {
			isa = XCBuildConfiguration;
			buildSettings = {
				ASSETCATALOG_COMPILER_GENERATE_SWIFT_ASSET_SYMBOL_EXTENSIONS = YES;
				ASSETCATALOG_COMPILER_GLOBAL_ACCENT_COLOR_NAME = AccentColor;
				ASSETCATALOG_COMPILER_WIDGET_BACKGROUND_COLOR_NAME = WidgetBackground;
				CLANG_CXX_LANGUAGE_STANDARD = "gnu++20";
				CLANG_ENABLE_OBJC_WEAK = YES;
				CODE_SIGN_ENTITLEMENTS = UpNextWidget/UpNextWidget.entitlements;
				CODE_SIGN_STYLE = Automatic;
				CURRENT_PROJECT_VERSION = 10;
				DEVELOPMENT_TEAM = L3RY7X2WBC;
				GCC_C_LANGUAGE_STANDARD = gnu17;
				GENERATE_INFOPLIST_FILE = YES;
				INFOPLIST_FILE = UpNextWidget/Info.plist;
				INFOPLIST_KEY_CFBundleDisplayName = UpNextWidget;
				INFOPLIST_KEY_NSHumanReadableCopyright = "";
				IPHONEOS_DEPLOYMENT_TARGET = 16.2;
				LD_RUNPATH_SEARCH_PATHS = (
					"$(inherited)",
					"@executable_path/Frameworks",
					"@executable_path/../../Frameworks",
				);
				LOCALIZATION_PREFERS_STRING_CATALOGS = YES;
				MARKETING_VERSION = 1.0;
				MTL_ENABLE_DEBUG_INFO = INCLUDE_SOURCE;
				MTL_FAST_MATH = YES;
				PRODUCT_BUNDLE_IDENTIFIER = com.littlegd.upnext.UpNextWidget;
				PRODUCT_NAME = "$(TARGET_NAME)";
				SKIP_INSTALL = YES;
				STRING_CATALOG_GENERATE_SYMBOLS = YES;
				SWIFT_ACTIVE_COMPILATION_CONDITIONS = "DEBUG $(inherited)";
				SWIFT_APPROACHABLE_CONCURRENCY = YES;
				SWIFT_EMIT_LOC_STRINGS = YES;
				SWIFT_UPCOMING_FEATURE_MEMBER_IMPORT_VISIBILITY = YES;
				SWIFT_VERSION = 5.0;
				TARGETED_DEVICE_FAMILY = "1,2";
			};
			name = Debug;
		};
		BB000000000000000000002B /* Release */ = {
			isa = XCBuildConfiguration;
			buildSettings = {
				ASSETCATALOG_COMPILER_GENERATE_SWIFT_ASSET_SYMBOL_EXTENSIONS = YES;
				ASSETCATALOG_COMPILER_GLOBAL_ACCENT_COLOR_NAME = AccentColor;
				ASSETCATALOG_COMPILER_WIDGET_BACKGROUND_COLOR_NAME = WidgetBackground;
				CLANG_CXX_LANGUAGE_STANDARD = "gnu++20";
				CLANG_ENABLE_OBJC_WEAK = YES;
				CODE_SIGN_ENTITLEMENTS = UpNextWidget/UpNextWidget.entitlements;
				CODE_SIGN_STYLE = Automatic;
				CURRENT_PROJECT_VERSION = 10;
				DEVELOPMENT_TEAM = L3RY7X2WBC;
				GCC_C_LANGUAGE_STANDARD = gnu17;
				GENERATE_INFOPLIST_FILE = YES;
				INFOPLIST_FILE = UpNextWidget/Info.plist;
				INFOPLIST_KEY_CFBundleDisplayName = UpNextWidget;
				INFOPLIST_KEY_NSHumanReadableCopyright = "";
				IPHONEOS_DEPLOYMENT_TARGET = 16.2;
				LD_RUNPATH_SEARCH_PATHS = (
					"$(inherited)",
					"@executable_path/Frameworks",
					"@executable_path/../../Frameworks",
				);
				LOCALIZATION_PREFERS_STRING_CATALOGS = YES;
				MARKETING_VERSION = 1.0;
				MTL_FAST_MATH = YES;
				PRODUCT_BUNDLE_IDENTIFIER = com.littlegd.upnext.UpNextWidget;
				PRODUCT_NAME = "$(TARGET_NAME)";
				SKIP_INSTALL = YES;
				STRING_CATALOG_GENERATE_SYMBOLS = YES;
				SWIFT_APPROACHABLE_CONCURRENCY = YES;
				SWIFT_EMIT_LOC_STRINGS = YES;
				SWIFT_UPCOMING_FEATURE_MEMBER_IMPORT_VISIBILITY = YES;
				SWIFT_VERSION = 5.0;
				TARGETED_DEVICE_FAMILY = "1,2";
			};
			name = Release;
		};
		E6B6A09E2FB6DEB900E7EA09 /* Debug */ = {
			isa = XCBuildConfiguration;
			buildSettings = {
				ALWAYS_SEARCH_USER_PATHS = NO;
				ASSETCATALOG_COMPILER_GENERATE_SWIFT_ASSET_SYMBOL_EXTENSIONS = YES;
				CLANG_ANALYZER_NONNULL = YES;
				CLANG_ANALYZER_NUMBER_OBJECT_CONVERSION = YES_AGGRESSIVE;
				CLANG_CXX_LANGUAGE_STANDARD = "gnu++20";
				CLANG_ENABLE_MODULES = YES;
				CLANG_ENABLE_OBJC_ARC = YES;
				CLANG_ENABLE_OBJC_WEAK = YES;
				CLANG_WARN_BLOCK_CAPTURE_AUTORELEASING = YES;
				CLANG_WARN_BOOL_CONVERSION = YES;
				CLANG_WARN_COMMA = YES;
				CLANG_WARN_CONSTANT_CONVERSION = YES;
				CLANG_WARN_DEPRECATED_OBJC_IMPLEMENTATIONS = YES;
				CLANG_WARN_DIRECT_OBJC_ISA_USAGE = YES_ERROR;
				CLANG_WARN_DOCUMENTATION_COMMENTS = YES;
				CLANG_WARN_EMPTY_BODY = YES;
				CLANG_WARN_ENUM_CONVERSION = YES;
				CLANG_WARN_INFINITE_RECURSION = YES;
				CLANG_WARN_INT_CONVERSION = YES;
				CLANG_WARN_NON_LITERAL_NULL_CONVERSION = YES;
				CLANG_WARN_OBJC_IMPLICIT_RETAIN_SELF = YES;
				CLANG_WARN_OBJC_LITERAL_CONVERSION = YES;
				CLANG_WARN_OBJC_ROOT_CLASS = YES_ERROR;
				CLANG_WARN_QUOTED_INCLUDE_IN_FRAMEWORK_HEADER = YES;
				CLANG_WARN_RANGE_LOOP_ANALYSIS = YES;
				CLANG_WARN_STRICT_PROTOTYPES = YES;
				CLANG_WARN_SUSPICIOUS_MOVE = YES;
				CLANG_WARN_UNGUARDED_AVAILABILITY = YES_AGGRESSIVE;
				CLANG_WARN_UNREACHABLE_CODE = YES;
				CLANG_WARN__DUPLICATE_METHOD_MATCH = YES;
				COPY_PHASE_STRIP = NO;
				DEBUG_INFORMATION_FORMAT = dwarf;
				DEVELOPMENT_TEAM = L3RY7X2WBC;
				ENABLE_STRICT_OBJC_MSGSEND = YES;
				ENABLE_TESTABILITY = YES;
				ENABLE_USER_SCRIPT_SANDBOXING = YES;
				GCC_C_LANGUAGE_STANDARD = gnu17;
				GCC_DYNAMIC_NO_PIC = NO;
				GCC_NO_COMMON_BLOCKS = YES;
				GCC_OPTIMIZATION_LEVEL = 0;
				GCC_PREPROCESSOR_DEFINITIONS = (
					"DEBUG=1",
					"$(inherited)",
				);
				GCC_WARN_64_TO_32_BIT_CONVERSION = YES;
				GCC_WARN_ABOUT_RETURN_TYPE = YES_ERROR;
				GCC_WARN_UNDECLARED_SELECTOR = YES;
				GCC_WARN_UNINITIALIZED_AUTOS = YES_AGGRESSIVE;
				GCC_WARN_UNUSED_FUNCTION = YES;
				GCC_WARN_UNUSED_VARIABLE = YES;
				IPHONEOS_DEPLOYMENT_TARGET = 16.2;
				LOCALIZATION_PREFERS_STRING_CATALOGS = YES;
				MTL_ENABLE_DEBUG_INFO = INCLUDE_SOURCE;
				MTL_FAST_MATH = YES;
				ONLY_ACTIVE_ARCH = YES;
				SDKROOT = iphoneos;
				SWIFT_ACTIVE_COMPILATION_CONDITIONS = "DEBUG $(inherited)";
				SWIFT_OPTIMIZATION_LEVEL = "-Onone";
			};
			name = Debug;
		};
		E6B6A09F2FB6DEB900E7EA09 /* Release */ = {
			isa = XCBuildConfiguration;
			buildSettings = {
				ALWAYS_SEARCH_USER_PATHS = NO;
				ASSETCATALOG_COMPILER_GENERATE_SWIFT_ASSET_SYMBOL_EXTENSIONS = YES;
				CLANG_ANALYZER_NONNULL = YES;
				CLANG_ANALYZER_NUMBER_OBJECT_CONVERSION = YES_AGGRESSIVE;
				CLANG_CXX_LANGUAGE_STANDARD = "gnu++20";
				CLANG_ENABLE_MODULES = YES;
				CLANG_ENABLE_OBJC_ARC = YES;
				CLANG_ENABLE_OBJC_WEAK = YES;
				CLANG_WARN_BLOCK_CAPTURE_AUTORELEASING = YES;
				CLANG_WARN_BOOL_CONVERSION = YES;
				CLANG_WARN_COMMA = YES;
				CLANG_WARN_CONSTANT_CONVERSION = YES;
				CLANG_WARN_DEPRECATED_OBJC_IMPLEMENTATIONS = YES;
				CLANG_WARN_DIRECT_OBJC_ISA_USAGE = YES_ERROR;
				CLANG_WARN_DOCUMENTATION_COMMENTS = YES;
				CLANG_WARN_EMPTY_BODY = YES;
				CLANG_WARN_ENUM_CONVERSION = YES;
				CLANG_WARN_INFINITE_RECURSION = YES;
				CLANG_WARN_INT_CONVERSION = YES;
				CLANG_WARN_NON_LITERAL_NULL_CONVERSION = YES;
				CLANG_WARN_OBJC_IMPLICIT_RETAIN_SELF = YES;
				CLANG_WARN_OBJC_LITERAL_CONVERSION = YES;
				CLANG_WARN_OBJC_ROOT_CLASS = YES_ERROR;
				CLANG_WARN_QUOTED_INCLUDE_IN_FRAMEWORK_HEADER = YES;
				CLANG_WARN_RANGE_LOOP_ANALYSIS = YES;
				CLANG_WARN_STRICT_PROTOTYPES = YES;
				CLANG_WARN_SUSPICIOUS_MOVE = YES;
				CLANG_WARN_UNGUARDED_AVAILABILITY = YES_AGGRESSIVE;
				CLANG_WARN_UNREACHABLE_CODE = YES;
				CLANG_WARN__DUPLICATE_METHOD_MATCH = YES;
				COPY_PHASE_STRIP = NO;
				DEBUG_INFORMATION_FORMAT = "dwarf-with-dsym";
				DEVELOPMENT_TEAM = L3RY7X2WBC;
				ENABLE_NS_ASSERTIONS = NO;
				ENABLE_STRICT_OBJC_MSGSEND = YES;
				ENABLE_USER_SCRIPT_SANDBOXING = YES;
				GCC_C_LANGUAGE_STANDARD = gnu17;
				GCC_NO_COMMON_BLOCKS = YES;
				GCC_WARN_64_TO_32_BIT_CONVERSION = YES;
				GCC_WARN_ABOUT_RETURN_TYPE = YES_ERROR;
				GCC_WARN_UNDECLARED_SELECTOR = YES;
				GCC_WARN_UNINITIALIZED_AUTOS = YES_AGGRESSIVE;
				GCC_WARN_UNUSED_FUNCTION = YES;
				GCC_WARN_UNUSED_VARIABLE = YES;
				IPHONEOS_DEPLOYMENT_TARGET = 16.2;
				LOCALIZATION_PREFERS_STRING_CATALOGS = YES;
				MTL_ENABLE_DEBUG_INFO = NO;
				MTL_FAST_MATH = YES;
				SDKROOT = iphoneos;
				SWIFT_COMPILATION_MODE = wholemodule;
				VALIDATE_PRODUCT = YES;
			};
			name = Release;
		};
		E6B6A0A12FB6DEB900E7EA09 /* Debug */ = {
			isa = XCBuildConfiguration;
			buildSettings = {
				ASSETCATALOG_COMPILER_APPICON_NAME = AppIcon;
				ASSETCATALOG_COMPILER_GLOBAL_ACCENT_COLOR_NAME = AccentColor;
				CODE_SIGN_ENTITLEMENTS = UpNext/UpNext.entitlements;
				CODE_SIGN_STYLE = Automatic;
				CURRENT_PROJECT_VERSION = 10;
				DEVELOPMENT_TEAM = L3RY7X2WBC;
				ENABLE_PREVIEWS = YES;
				GENERATE_INFOPLIST_FILE = YES;
				INFOPLIST_KEY_NSSupportsLiveActivities = YES;
				INFOPLIST_KEY_UIApplicationSceneManifest_Generation = YES;
				INFOPLIST_KEY_UIApplicationSupportsIndirectInputEvents = YES;
				INFOPLIST_KEY_UILaunchScreen_Generation = YES;
				INFOPLIST_KEY_UIRequiresFullScreen = YES;
				INFOPLIST_KEY_UISupportedInterfaceOrientations = UIInterfaceOrientationPortrait;
				INFOPLIST_KEY_UISupportedInterfaceOrientations_iPad = "UIInterfaceOrientationPortrait UIInterfaceOrientationPortraitUpsideDown";
				LD_RUNPATH_SEARCH_PATHS = (
					"$(inherited)",
					"@executable_path/Frameworks",
				);
				MARKETING_VERSION = 1.0;
				PRODUCT_BUNDLE_IDENTIFIER = com.littlegd.upnext;
				PRODUCT_NAME = "$(TARGET_NAME)";
				STRING_CATALOG_GENERATE_SYMBOLS = YES;
				SWIFT_APPROACHABLE_CONCURRENCY = YES;
				SWIFT_DEFAULT_ACTOR_ISOLATION = MainActor;
				SWIFT_EMIT_LOC_STRINGS = YES;
				SWIFT_UPCOMING_FEATURE_MEMBER_IMPORT_VISIBILITY = YES;
				SWIFT_VERSION = 5.0;
				TARGETED_DEVICE_FAMILY = "1,2";
			};
			name = Debug;
		};
		E6B6A0A22FB6DEB900E7EA09 /* Release */ = {
			isa = XCBuildConfiguration;
			buildSettings = {
				ASSETCATALOG_COMPILER_APPICON_NAME = AppIcon;
				ASSETCATALOG_COMPILER_GLOBAL_ACCENT_COLOR_NAME = AccentColor;
				CODE_SIGN_ENTITLEMENTS = UpNext/UpNext.entitlements;
				CODE_SIGN_STYLE = Automatic;
				CURRENT_PROJECT_VERSION = 10;
				DEVELOPMENT_TEAM = L3RY7X2WBC;
				ENABLE_PREVIEWS = YES;
				GENERATE_INFOPLIST_FILE = YES;
				INFOPLIST_KEY_NSSupportsLiveActivities = YES;
				INFOPLIST_KEY_UIApplicationSceneManifest_Generation = YES;
				INFOPLIST_KEY_UIApplicationSupportsIndirectInputEvents = YES;
				INFOPLIST_KEY_UILaunchScreen_Generation = YES;
				INFOPLIST_KEY_UIRequiresFullScreen = YES;
				INFOPLIST_KEY_UISupportedInterfaceOrientations = UIInterfaceOrientationPortrait;
				INFOPLIST_KEY_UISupportedInterfaceOrientations_iPad = "UIInterfaceOrientationPortrait UIInterfaceOrientationPortraitUpsideDown";
				LD_RUNPATH_SEARCH_PATHS = (
					"$(inherited)",
					"@executable_path/Frameworks",
				);
				MARKETING_VERSION = 1.0;
				PRODUCT_BUNDLE_IDENTIFIER = com.littlegd.upnext;
				PRODUCT_NAME = "$(TARGET_NAME)";
				STRING_CATALOG_GENERATE_SYMBOLS = YES;
				SWIFT_APPROACHABLE_CONCURRENCY = YES;
				SWIFT_DEFAULT_ACTOR_ISOLATION = MainActor;
				SWIFT_EMIT_LOC_STRINGS = YES;
				SWIFT_UPCOMING_FEATURE_MEMBER_IMPORT_VISIBILITY = YES;
				SWIFT_VERSION = 5.0;
				TARGETED_DEVICE_FAMILY = "1,2";
			};
			name = Release;
		};
/* End XCBuildConfiguration section */

/* Begin XCConfigurationList section */
		BB000000000000000000002C /* Build configuration list for PBXNativeTarget "UpNextWidgetExtension" */ = {
			isa = XCConfigurationList;
			buildConfigurations = (
				BB000000000000000000002A /* Debug */,
				BB000000000000000000002B /* Release */,
			);
			defaultConfigurationIsVisible = 0;
			defaultConfigurationName = Release;
		};
		E6B6A0902FB6DEB800E7EA09 /* Build configuration list for PBXProject "UpNext" */ = {
			isa = XCConfigurationList;
			buildConfigurations = (
				E6B6A09E2FB6DEB900E7EA09 /* Debug */,
				E6B6A09F2FB6DEB900E7EA09 /* Release */,
			);
			defaultConfigurationIsVisible = 0;
			defaultConfigurationName = Release;
		};
		E6B6A0A02FB6DEB900E7EA09 /* Build configuration list for PBXNativeTarget "UpNext" */ = {
			isa = XCConfigurationList;
			buildConfigurations = (
				E6B6A0A12FB6DEB900E7EA09 /* Debug */,
				E6B6A0A22FB6DEB900E7EA09 /* Release */,
			);
			defaultConfigurationIsVisible = 0;
			defaultConfigurationName = Release;
		};
/* End XCConfigurationList section */

/* Begin XCRemoteSwiftPackageReference section */
		CC0000000000000000000001 /* XCRemoteSwiftPackageReference "firebase-ios-sdk" */ = {
			isa = XCRemoteSwiftPackageReference;
			repositoryURL = "https://github.com/firebase/firebase-ios-sdk";
			requirement = {
				kind = upToNextMajorVersion;
				minimumVersion = 12.0.0;
			};
		};
		CC0000000000000000000002 /* XCRemoteSwiftPackageReference "GoogleSignIn-iOS" */ = {
			isa = XCRemoteSwiftPackageReference;
			repositoryURL = "https://github.com/google/GoogleSignIn-iOS";
			requirement = {
				kind = upToNextMajorVersion;
				minimumVersion = 9.0.0;
			};
		};
/* End XCRemoteSwiftPackageReference section */

/* Begin XCSwiftPackageProductDependency section */
		CC0000000000000000000003 /* FirebaseAuth */ = {
			isa = XCSwiftPackageProductDependency;
			package = CC0000000000000000000001 /* XCRemoteSwiftPackageReference "firebase-ios-sdk" */;
			productName = FirebaseAuth;
		};
		CC0000000000000000000004 /* FirebaseFirestore */ = {
			isa = XCSwiftPackageProductDependency;
			package = CC0000000000000000000001 /* XCRemoteSwiftPackageReference "firebase-ios-sdk" */;
			productName = FirebaseFirestore;
		};
		CC0000000000000000000005 /* FirebaseMessaging */ = {
			isa = XCSwiftPackageProductDependency;
			package = CC0000000000000000000001 /* XCRemoteSwiftPackageReference "firebase-ios-sdk" */;
			productName = FirebaseMessaging;
		};
		CC0000000000000000000006 /* GoogleSignIn */ = {
			isa = XCSwiftPackageProductDependency;
			package = CC0000000000000000000002 /* XCRemoteSwiftPackageReference "GoogleSignIn-iOS" */;
			productName = GoogleSignIn;
		};
		CC0000000000000000000007 /* GoogleSignInSwift */ = {
			isa = XCSwiftPackageProductDependency;
			package = CC0000000000000000000002 /* XCRemoteSwiftPackageReference "GoogleSignIn-iOS" */;
			productName = GoogleSignInSwift;
		};
/* End XCSwiftPackageProductDependency section */
	};
	rootObject = E6B6A08D2FB6DEB800E7EA09 /* Project object */;
}
